
Microsoft Visual Studio Solution File, Format Version 12.00
# Visual Studio Version 17
VisualStudioVersion = 17.4.33122.133
MinimumVisualStudioVersion = 10.0.40219.1
Project("{9A19103F-16F7-4668-BE54-9A1E7A4F7556}") = "XP.Formula1.Domain", "XP.Formula1.Domain\XP.Formula1.Domain.csproj", "{76857C5D-A2DB-4BAF-96F8-16ECB051D954}"
EndProject
Project("{9A19103F-16F7-4668-BE54-9A1E7A4F7556}") = "XP.Formula1.Infrastructure", "XP.Formula1.Business\XP.Formula1.Infrastructure.csproj", "{22BF0CA2-0386-4C8C-897F-282A884D93D1}"
	ProjectSection(ProjectDependencies) = postProject
		{76857C5D-A2DB-4BAF-96F8-16ECB051D954} = {76857C5D-A2DB-4BAF-96F8-16ECB051D954}
	EndProjectSection
EndProject
Project("{9A19103F-16F7-4668-BE54-9A1E7A4F7556}") = "XP.Formula1.API", "XP.Formula1.API\XP.Formula1.API.csproj", "{9E0BE6A2-1F8E-41E3-9D46-E95B28639089}"
EndProject
Global
	GlobalSection(SolutionConfigurationPlatforms) = preSolution
		Debug|Any CPU = Debug|Any CPU
		Release|Any CPU = Release|Any CPU
	EndGlobalSection
	GlobalSection(ProjectConfigurationPlatforms) = postSolution
		{76857C5D-A2DB-4BAF-96F8-16ECB051D954}.Debug|Any CPU.ActiveCfg = Debug|Any CPU
		{76857C5D-A2DB-4BAF-96F8-16ECB051D954}.Debug|Any CPU.Build.0 = Debug|Any CPU
		{76857C5D-A2DB-4BAF-96F8-16ECB051D954}.Release|Any CPU.ActiveCfg = Release|Any CPU
		{76857C5D-A2DB-4BAF-96F8-16ECB051D954}.Release|Any CPU.Build.0 = Release|Any CPU
		{22BF0CA2-0386-4C8C-897F-282A884D93D1}.Debug|Any CPU.ActiveCfg = Debug|Any CPU
		{22BF0CA2-0386-4C8C-897F-282A884D93D1}.Debug|Any CPU.Build.0 = Debug|Any CPU
		{22BF0CA2-0386-4C8C-897F-282A884D93D1}.Release|Any CPU.ActiveCfg = Release|Any CPU
		{22BF0CA2-0386-4C8C-897F-282A884D93D1}.Release|Any CPU.Build.0 = Release|Any CPU
		{9E0BE6A2-1F8E-41E3-9D46-E95B28639089}.Debug|Any CPU.ActiveCfg = Debug|Any CPU
		{9E0BE6A2-1F8E-41E3-9D46-E95B28639089}.Debug|Any CPU.Build.0 = Debug|Any CPU
		{9E0BE6A2-1F8E-41E3-9D46-E95B28639089}.Release|Any CPU.ActiveCfg = Release|Any CPU
		{9E0BE6A2-1F8E-41E3-9D46-E95B28639089}.Release|Any CPU.Build.0 = Release|Any CPU
	EndGlobalSection
	GlobalSection(SolutionProperties) = preSolution
		HideSolutionNode = FALSE
	EndGlobalSection
	GlobalSection(ExtensibilityGlobals) = postSolution
		SolutionGuid = {80A00FAC-7EE7-463C-891E-EFE0E55CA078}
	EndGlobalSection
EndGlobal
